// !$*UTF8*$!
{
	archiveVersion = 1;
	classes = {
	};
	objectVersion = 46;
	objects = {

/* Begin PBXBuildFile section */
		C2D0B9861B6315DC00633A1A /* main.m in Sources */ = {isa = PBXBuildFile; fileRef = C2D0B9851B6315DC00633A1A /* main.m */; };
		C2D0B9891B6315DC00633A1A /* AppDelegate.m in Sources */ = {isa = PBXBuildFile; fileRef = C2D0B9881B6315DC00633A1A /* AppDelegate.m */; };
		C2D0B98B1B6315DC00633A1A /* Images.xcassets in Resources */ = {isa = PBXBuildFile; fileRef = C2D0B98A1B6315DC00633A1A /* Images.xcassets */; };
		C2D0B98E1B6315DC00633A1A /* LaunchScreen.xib in Resources */ = {isa = PBXBuildFile; fileRef = C2D0B98C1B6315DC00633A1A /* LaunchScreen.xib */; };
		C2D0B99A1B6315DC00633A1A /* WeiBoTests.m in Sources */ = {isa = PBXBuildFile; fileRef = C2D0B9991B6315DC00633A1A /* WeiBoTests.m */; };
/* End PBXBuildFile section */

/* Begin PBXContainerItemProxy section */
		C2D0B9941B6315DC00633A1A /* PBXContainerItemProxy */ = {
			isa = PBXContainerItemProxy;
			containerPortal = C2D0B9781B6315DC00633A1A /* Project object */;
			proxyType = 1;
			remoteGlobalIDString = C2D0B97F1B6315DC00633A1A;
			remoteInfo = WeiBo;
		};
/* End PBXContainerItemProxy section */

/* Begin PBXFileReference section */
		C2D0B9801B6315DC00633A1A /* WeiBo.app */ = {isa = PBXFileReference; explicitFileType = wrapper.application; includeInIndex = 0; path = WeiBo.app; sourceTree = BUILT_PRODUCTS_DIR; };
		C2D0B9841B6315DC00633A1A /* Info.plist */ = {isa = PBXFileReference; lastKnownFileType = text.plist.xml; path = Info.plist; sourceTree = "<group>"; };
		C2D0B9851B6315DC00633A1A /* main.m */ = {isa = PBXFileReference; lastKnownFileType = sourcecode.c.objc; path = main.m; sourceTree = "<group>"; };
		C2D0B9871B6315DC00633A1A /* AppDelegate.h */ = {isa = PBXFileReference; lastKnownFileType = sourcecode.c.h; path = AppDelegate.h; sourceTree = "<group>"; };
		C2D0B9881B6315DC00633A1A /* AppDelegate.m */ = {isa = PBXFileReference; lastKnownFileType = sourcecode.c.objc; path = AppDelegate.m; sourceTree = "<group>"; };
		C2D0B98A1B6315DC00633A1A /* Images.xcassets */ = {isa = PBXFileReference; lastKnownFileType = folder.assetcatalog; path = Images.xcassets; sourceTree = "<group>"; };
		C2D0B98D1B6315DC00633A1A /* Base */ = {isa = PBXFileReference; lastKnownFileType = file.xib; name = Base; path = Base.lproj/LaunchScreen.xib; sourceTree = "<group>"; };
		C2D0B9931B6315DC00633A1A /* WeiBoTests.xctest */ = {isa = PBXFileReference; explicitFileType = wrapper.cfbundle; includeInIndex = 0; path = WeiBoTests.xctest; sourceTree = BUILT_PRODUCTS_DIR; };
		C2D0B9981B6315DC00633A1A /* Info.plist */ = {isa = PBXFileReference; lastKnownFileType = text.plist.xml; path = Info.plist; sourceTree = "<group>"; };
		C2D0B9991B6315DC00633A1A /* WeiBoTests.m */ = {isa = PBXFileReference; lastKnownFileType = sourcecode.c.objc; path = WeiBoTests.m; sourceTree = "<group>"; };
/* End PBXFileReference section */

/* Begin PBXFrameworksBuildPhase section */
		C2D0B97D1B6315DC00633A1A /* Frameworks */ = {
			isa = PBXFrameworksBuildPhase;
			buildActionMask = 2147483647;
			files = (
			);
			runOnlyForDeploymentPostprocessing = 0;
		};
		C2D0B9901B6315DC00633A1A /* Frameworks */ = {
			isa = PBXFrameworksBuildPhase;
			buildActionMask = 2147483647;
			files = (
			);
			runOnlyForDeploymentPostprocessing = 0;
		};
/* End PBXFrameworksBuildPhase section */

/* Begin PBXGroup section */
		C2D0B9771B6315DC00633A1A = {
			isa = PBXGroup;
			children = (
				C2D0B9821B6315DC00633A1A /* WeiBo */,
				C2D0B9961B6315DC00633A1A /* WeiBoTests */,
				C2D0B9811B6315DC00633A1A /* Products */,
			);
			sourceTree = "<group>";
		};
		C2D0B9811B6315DC00633A1A /* Products */ = {
			isa = PBXGroup;
			children = (
				C2D0B9801B6315DC00633A1A /* WeiBo.app */,
				C2D0B9931B6315DC00633A1A /* WeiBoTests.xctest */,
			);
			name = Products;
			sourceTree = "<group>";
		};
		C2D0B9821B6315DC00633A1A /* WeiBo */ = {
			isa = PBXGroup;
			children = (
				C2D0B9871B6315DC00633A1A /* AppDelegate.h */,
				C2D0B9881B6315DC00633A1A /* AppDelegate.m */,
				C2D0B98A1B6315DC00633A1A /* Images.xcassets */,
				C2D0B98C1B6315DC00633A1A /* LaunchScreen.xib */,
				C2D0B9831B6315DC00633A1A /* Supporting Files */,
			);
			path = WeiBo;
			sourceTree = "<group>";
		};
		C2D0B9831B6315DC00633A1A /* Supporting Files */ = {
			isa = PBXGroup;
			children = (
				C2D0B9841B6315DC00633A1A /* Info.plist */,
				C2D0B9851B6315DC00633A1A /* main.m */,
			);
			name = "Supporting Files";
			sourceTree = "<group>";
		};
		C2D0B9961B6315DC00633A1A /* WeiBoTests */ = {
			isa = PBXGroup;
			children = (
				C2D0B9991B6315DC00633A1A /* WeiBoTests.m */,
				C2D0B9971B6315DC00633A1A /* Supporting Files */,
			);
			path = WeiBoTests;
			sourceTree = "<group>";
		};
		C2D0B9971B6315DC00633A1A /* Supporting Files */ = {
			isa = PBXGroup;
			children = (
				C2D0B9981B6315DC00633A1A /* Info.plist */,
			);
			name = "Supporting Files";
			sourceTree = "<group>";
		};
/* End PBXGroup section */

/* Begin PBXNativeTarget section */
		C2D0B97F1B6315DC00633A1A /* WeiBo */ = {
			isa = PBXNativeTarget;
			buildConfigurationList = C2D0B99D1B6315DC00633A1A /* Build configuration list for PBXNativeTarget "WeiBo" */;
			buildPhases = (
				C2D0B97C1B6315DC00633A1A /* Sources */,
				C2D0B97D1B6315DC00633A1A /* Frameworks */,
				C2D0B97E1B6315DC00633A1A /* Resources */,
			);
			buildRules = (
			);
			dependencies = (
			);
			name = WeiBo;
			productName = WeiBo;
			productReference = C2D0B9801B6315DC00633A1A /* WeiBo.app */;
			productType = "com.apple.product-type.application";
		};
		C2D0B9921B6315DC00633A1A /* WeiBoTests */ = {
			isa = PBXNativeTarget;
			buildConfigurationList = C2D0B9A01B6315DC00633A1A /* Build configuration list for PBXNativeTarget "WeiBoTests" */;
			buildPhases = (
				C2D0B98F1B6315DC00633A1A /* Sources */,
				C2D0B9901B6315DC00633A1A /* Frameworks */,
				C2D0B9911B6315DC00633A1A /* Resources */,
			);
			buildRules = (
			);
			dependencies = (
				C2D0B9951B6315DC00633A1A /* PBXTargetDependency */,
			);
			name = WeiBoTests;
			productName = WeiBoTests;
			productReference = C2D0B9931B6315DC00633A1A /* WeiBoTests.xctest */;
			productType = "com.apple.product-type.bundle.unit-test";
		};
/* End PBXNativeTarget section */

/* Begin PBXProject section */
		C2D0B9781B6315DC00633A1A /* Project object */ = {
			isa = PBXProject;
			attributes = {
				LastUpgradeCheck = 0600;
				ORGANIZATIONNAME = Lanou3g;
				TargetAttributes = {
					C2D0B97F1B6315DC00633A1A = {
						CreatedOnToolsVersion = 6.0.1;
					};
					C2D0B9921B6315DC00633A1A = {
						CreatedOnToolsVersion = 6.0.1;
						TestTargetID = C2D0B97F1B6315DC00633A1A;
					};
				};
			};
			buildConfigurationList = C2D0B97B1B6315DC00633A1A /* Build configuration list for PBXProject "WeiBo" */;
			compatibilityVersion = "Xcode 3.2";
			developmentRegion = English;
			hasScannedForEncodings = 0;
			knownRegions = (
				en,
				Base,
			);
			mainGroup = C2D0B9771B6315DC00633A1A;
			productRefGroup = C2D0B9811B6315DC00633A1A /* Products */;
			projectDirPath = "";
			projectRoot = "";
			targets = (
				C2D0B97F1B6315DC00633A1A /* WeiBo */,
				C2D0B9921B6315DC00633A1A /* WeiBoTests */,
			);
		};
/* End PBXProject section */

/* Begin PBXResourcesBuildPhase section */
		C2D0B97E1B6315DC00633A1A /* Resources */ = {
			isa = PBXResourcesBuildPhase;
			buildActionMask = 2147483647;
			files = (
				C2D0B98E1B6315DC00633A1A /* LaunchScreen.xib in Resources */,
				C2D0B98B1B6315DC00633A1A /* Images.xcassets in Resources */,
			);
			runOnlyForDeploymentPostprocessing = 0;
		};
		C2D0B9911B6315DC00633A1A /* Resources */ = {
			isa = PBXResourcesBuildPhase;
			buildActionMask = 2147483647;
			files = (
			);
			runOnlyForDeploymentPostprocessing = 0;
		};
/* End PBXResourcesBuildPhase section */

/* Begin PBXSourcesBuildPhase section */
		C2D0B97C1B6315DC00633A1A /* Sources */ = {
			isa = PBXSourcesBuildPhase;
			buildActionMask = 2147483647;
			files = (
				C2D0B9891B6315DC00633A1A /* AppDelegate.m in Sources */,
				C2D0B9861B6315DC00633A1A /* main.m in Sources */,
			);
			runOnlyForDeploymentPostprocessing = 0;
		};
		C2D0B98F1B6315DC00633A1A /* Sources */ = {
			isa = PBXSourcesBuildPhase;
			buildActionMask = 2147483647;
			files = (
				C2D0B99A1B6315DC00633A1A /* WeiBoTests.m in Sources */,
			);
			runOnlyForDeploymentPostprocessing = 0;
		};
/* End PBXSourcesBuildPhase section */

/* Begin PBXTargetDependency section */
		C2D0B9951B6315DC00633A1A /* PBXTargetDependency */ = {
			isa = PBXTargetDependency;
			target = C2D0B97F1B6315DC00633A1A /* WeiBo */;
			targetProxy = C2D0B9941B6315DC00633A1A /* PBXContainerItemProxy */;
		};
/* End PBXTargetDependency section */

/* Begin PBXVariantGroup section */
		C2D0B98C1B6315DC00633A1A /* LaunchScreen.xib */ = {
			isa = PBXVariantGroup;
			children = (
				C2D0B98D1B6315DC00633A1A /* Base */,
			);
			name = LaunchScreen.xib;
			sourceTree = "<group>";
		};
/* End PBXVariantGroup section */

/* Begin XCBuildConfiguration section */
		C2D0B99B1B6315DC00633A1A /* Debug */ = {
			isa = XCBuildConfiguration;
			buildSettings = {
				ALWAYS_SEARCH_USER_PATHS = NO;
				CLANG_CXX_LANGUAGE_STANDARD = "gnu++0x";
				CLANG_CXX_LIBRARY = "libc++";
				CLANG_ENABLE_MODULES = YES;
				CLANG_ENABLE_OBJC_ARC = YES;
				CLANG_WARN_BOOL_CONVERSION = YES;
				CLANG_WARN_CONSTANT_CONVERSION = YES;
				CLANG_WARN_DIRECT_OBJC_ISA_USAGE = YES_ERROR;
				CLANG_WARN_EMPTY_BODY = YES;
				CLANG_WARN_ENUM_CONVERSION = YES;
				CLANG_WARN_INT_CONVERSION = YES;
				CLANG_WARN_OBJC_ROOT_CLASS = YES_ERROR;
				CLANG_WARN_UNREACHABLE_CODE = YES;
				CLANG_WARN__DUPLICATE_METHOD_MATCH = YES;
				"CODE_SIGN_IDENTITY[sdk=iphoneos*]" = "iPhone Developer";
				COPY_PHASE_STRIP = NO;
				ENABLE_STRICT_OBJC_MSGSEND = YES;
				GCC_C_LANGUAGE_STANDARD = gnu99;
				GCC_DYNAMIC_NO_PIC = NO;
				GCC_OPTIMIZATION_LEVEL = 0;
				GCC_PREPROCESSOR_DEFINITIONS = (
					"DEBUG=1",
					"$(inherited)",
				);
				GCC_SYMBOLS_PRIVATE_EXTERN = NO;
				GCC_WARN_64_TO_32_BIT_CONVERSION = YES;
				GCC_WARN_ABOUT_RETURN_TYPE = YES_ERROR;
				GCC_WARN_UNDECLARED_SELECTOR = YES;
				GCC_WARN_UNINITIALIZED_AUTOS = YES_AGGRESSIVE;
				GCC_WARN_UNUSED_FUNCTION = YES;
				GCC_WARN_UNUSED_VARIABLE = YES;
				IPHONEOS_DEPLOYMENT_TARGET = 8.0;
				MTL_ENABLE_DEBUG_INFO = YES;
				ONLY_ACTIVE_ARCH = YES;
				SDKROOT = iphoneos;
			};
			name = Debug;
		};
		C2D0B99C1B6315DC00633A1A /* Release */ = {
			isa = XCBuildConfiguration;
			buildSettings = {
				ALWAYS_SEARCH_USER_PATHS = NO;
				CLANG_CXX_LANGUAGE_STANDARD = "gnu++0x";
				CLANG_CXX_LIBRARY = "libc++";
				CLANG_ENABLE_MODULES = YES;
				CLANG_ENABLE_OBJC_ARC = YES;
				CLANG_WARN_BOOL_CONVERSION = YES;
				CLANG_WARN_CONSTANT_CONVERSION = YES;
				CLANG_WARN_DIRECT_OBJC_ISA_USAGE = YES_ERROR;
				CLANG_WARN_EMPTY_BODY = YES;
				CLANG_WARN_ENUM_CONVERSION = YES;
				CLANG_WARN_INT_CONVERSION = YES;
				CLANG_WARN_OBJC_ROOT_CLASS = YES_ERROR;
				CLANG_WARN_UNREACHABLE_CODE = YES;
				CLANG_WARN__DUPLICATE_METHOD_MATCH = YES;
				"CODE_SIGN_IDENTITY[sdk=iphoneos*]" = "iPhone Developer";
				COPY_PHASE_STRIP = YES;
				ENABLE_NS_ASSERTIONS = NO;
				ENABLE_STRICT_OBJC_MSGSEND = YES;
				GCC_C_LANGUAGE_STANDARD = gnu99;
				GCC_WARN_64_TO_32_BIT_CONVERSION = YES;
				GCC_WARN_ABOUT_RETURN_TYPE = YES_ERROR;
				GCC_WARN_UNDECLARED_SELECTOR = YES;
				GCC_WARN_UNINITIALIZED_AUTOS = YES_AGGRESSIVE;
				GCC_WARN_UNUSED_FUNCTION = YES;
				GCC_WARN_UNUSED_VARIABLE = YES;
				IPHONEOS_DEPLOYMENT_TARGET = 8.0;
				MTL_ENABLE_DEBUG_INFO = NO;
				SDKROOT = iphoneos;
				VALIDATE_PRODUCT = YES;
			};
			name = Release;
		};
		C2D0B99E1B6315DC00633A1A /* Debug */ = {
			isa = XCBuildConfiguration;
			buildSettings = {
				ASSETCATALOG_COMPILER_APPICON_NAME = AppIcon;
				INFOPLIST_FILE = WeiBo/Info.plist;
				LD_RUNPATH_SEARCH_PATHS = "$(inherited) @executable_path/Frameworks";
				PRODUCT_NAME = "$(TARGET_NAME)";
			};
			name = Debug;
		};
		C2D0B99F1B6315DC00633A1A /* Release */ = {
			isa = XCBuildConfiguration;
			buildSettings = {
				ASSETCATALOG_COMPILER_APPICON_NAME = AppIcon;
				INFOPLIST_FILE = WeiBo/Info.plist;
				LD_RUNPATH_SEARCH_PATHS = "$(inherited) @executable_path/Frameworks";
				PRODUCT_NAME = "$(TARGET_NAME)";
			};
			name = Release;
		};
		C2D0B9A11B6315DC00633A1A /* Debug */ = {
			isa = XCBuildConfiguration;
			buildSettings = {
				BUNDLE_LOADER = "$(TEST_HOST)";
				FRAMEWORK_SEARCH_PATHS = (
					"$(SDKROOT)/Developer/Library/Frameworks",
					"$(inherited)",
				);
				GCC_PREPROCESSOR_DEFINITIONS = (
					"DEBUG=1",
					"$(inherited)",
				);
				INFOPLIST_FILE = WeiBoTests/Info.plist;
				LD_RUNPATH_SEARCH_PATHS = "$(inherited) @executable_path/Frameworks @loader_path/Frameworks";
				PRODUCT_NAME = "$(TARGET_NAME)";
				TEST_HOST = "$(BUILT_PRODUCTS_DIR)/WeiBo.app/WeiBo";
			};
			name = Debug;
		};
		C2D0B9A21B6315DC00633A1A /* Release */ = {
			isa = XCBuildConfiguration;
			buildSettings = {
				BUNDLE_LOADER = "$(TEST_HOST)";
				FRAMEWORK_SEARCH_PATHS = (
					"$(SDKROOT)/Developer/Library/Frameworks",
					"$(inherited)",
				);
				INFOPLIST_FILE = WeiBoTests/Info.plist;
				LD_RUNPATH_SEARCH_PATHS = "$(inherited) @executable_path/Frameworks @loader_path/Frameworks";
				PRODUCT_NAME = "$(TARGET_NAME)";
				TEST_HOST = "$(BUILT_PRODUCTS_DIR)/WeiBo.app/WeiBo";
			};
			name = Release;
		};
/* End XCBuildConfiguration section */

/* Begin XCConfigurationList section */
		C2D0B97B1B6315DC00633A1A /* Build configuration list for PBXProject "WeiBo" */ = {
			isa = XCConfigurationList;
			buildConfigurations = (
				C2D0B99B1B6315DC00633A1A /* Debug */,
				C2D0B99C1B6315DC00633A1A /* Release */,
			);
			defaultConfigurationIsVisible = 0;
			defaultConfigurationName = Release;
		};
		C2D0B99D1B6315DC00633A1A /* Build configuration list for PBXNativeTarget "WeiBo" */ = {
			isa = XCConfigurationList;
			buildConfigurations = (
				C2D0B99E1B6315DC00633A1A /* Debug */,
				C2D0B99F1B6315DC00633A1A /* Release */,
			);
			defaultConfigurationIsVisible = 0;
		};
		C2D0B9A01B6315DC00633A1A /* Build configuration list for PBXNativeTarget "WeiBoTests" */ = {
			isa = XCConfigurationList;
			buildConfigurations = (
				C2D0B9A11B6315DC00633A1A /* Debug */,
				C2D0B9A21B6315DC00633A1A /* Release */,
			);
			defaultConfigurationIsVisible = 0;
		};
/* End XCConfigurationList section */
	};
	rootObject = C2D0B9781B6315DC00633A1A /* Project object */;
}
